{
  "name": "growth-launchpad",
  "version": "1.0.0",
  "lockfileVersion": 3,
  "requires": true,
  "packages": {
    "": {
      "name": "growth-launchpad",
      "version": "1.0.0"
    },
    "apps/web": {
      "version": "0.1.0",
      "extraneous": true,
      "dependencies": {
        "@auth0/nextjs-auth0": "^4.4.2",
        "@hookform/resolvers": "^3.9.0",
        "@supabase/supabase-js": "^2.45.4",
        "clsx": "^2.1.1",
        "next": "^15.0.0",
        "react": "^19.0.0",
        "react-dom": "^19.0.0",
        "react-hook-form": "^7.52.2",
        "tailwind-merge": "^2.5.2",
        "zod": "^3.23.8"
      },
      "devDependencies": {
        "@types/node": "^22.7.4",
        "@types/react": "^19.0.0",
        "@types/react-dom": "^19.0.0",
        "autoprefixer": "^10.4.20",
        "postcss": "^8.4.47",
        "tailwindcss": "^3.4.13",
        "typescript": "^5.6.2"
      }
    }
  }
}
